
Microsoft Visual Studio Solution File, Format Version 12.00
# Visual Studio Version 16
VisualStudioVersion = 16.0.29009.5
MinimumVisualStudioVersion = 10.0.40219.1
Project("{FAE04EC0-301F-11D3-BF4B-00C04F79EFBC}") = "OnboardingTask", "OnboardingTask\OnboardingTask.csproj", "{418A69E5-40FC-4788-92DA-84D5140319E4}"
EndProject
Global
	GlobalSection(SolutionConfigurationPlatforms) = preSolution
		Debug|Any CPU = Debug|Any CPU
		Release|Any CPU = Release|Any CPU
	EndGlobalSection
	GlobalSection(ProjectConfigurationPlatforms) = postSolution
		{418A69E5-40FC-4788-92DA-84D5140319E4}.Debug|Any CPU.ActiveCfg = Debug|Any CPU
		{418A69E5-40FC-4788-92DA-84D5140319E4}.Debug|Any CPU.Build.0 = Debug|Any CPU
		{418A69E5-40FC-4788-92DA-84D5140319E4}.Release|Any CPU.ActiveCfg = Release|Any CPU
		{418A69E5-40FC-4788-92DA-84D5140319E4}.Release|Any CPU.Build.0 = Release|Any CPU
	EndGlobalSection
	GlobalSection(SolutionProperties) = preSolution
		HideSolutionNode = FALSE
	EndGlobalSection
	GlobalSection(ExtensibilityGlobals) = postSolution
		SolutionGuid = {FF9EA9C1-D0B2-45D1-A6AD-65BE3FC7C611}
	EndGlobalSection
EndGlobal
